
Microsoft Visual Studio Solution File, Format Version 12.00
# Visual Studio Version 16
VisualStudioVersion = 16.0.30523.141
MinimumVisualStudioVersion = 10.0.40219.1
Project("{FAE04EC0-301F-11D3-BF4B-00C04F79EFBC}") = "FindNumbersInString", "FindNumbersInString.csproj", "{0A51C158-7EB7-45F7-9418-CDA0FF21F9FB}"
EndProject
Global
	GlobalSection(SolutionConfigurationPlatforms) = preSolution
		Debug|Any CPU = Debug|Any CPU
		Release|Any CPU = Release|Any CPU
	EndGlobalSection
	GlobalSection(ProjectConfigurationPlatforms) = postSolution
		{0A51C158-7EB7-45F7-9418-CDA0FF21F9FB}.Debug|Any CPU.ActiveCfg = Debug|Any CPU
		{0A51C158-7EB7-45F7-9418-CDA0FF21F9FB}.Debug|Any CPU.Build.0 = Debug|Any CPU
		{0A51C158-7EB7-45F7-9418-CDA0FF21F9FB}.Release|Any CPU.ActiveCfg = Release|Any CPU
		{0A51C158-7EB7-45F7-9418-CDA0FF21F9FB}.Release|Any CPU.Build.0 = Release|Any CPU
	EndGlobalSection
	GlobalSection(SolutionProperties) = preSolution
		HideSolutionNode = FALSE
	EndGlobalSection
	GlobalSection(ExtensibilityGlobals) = postSolution
		SolutionGuid = {2964F7F0-F56B-4FCD-A68B-2D7246A8C044}
	EndGlobalSection
EndGlobal
